
Microsoft Visual Studio Solution File, Format Version 12.00
# Visual Studio Version 16
VisualStudioVersion = 16.0.30611.23
MinimumVisualStudioVersion = 10.0.40219.1
Project("{FAE04EC0-301F-11D3-BF4B-00C04F79EFBC}") = "Lab4", "Lab4\Lab4.csproj", "{0989C7EA-5E52-4D00-906C-F20C05049FCC}"
EndProject
Global
	GlobalSection(SolutionConfigurationPlatforms) = preSolution
		Debug|Any CPU = Debug|Any CPU
		Release|Any CPU = Release|Any CPU
	EndGlobalSection
	GlobalSection(ProjectConfigurationPlatforms) = postSolution
		{0989C7EA-5E52-4D00-906C-F20C05049FCC}.Debug|Any CPU.ActiveCfg = Debug|Any CPU
		{0989C7EA-5E52-4D00-906C-F20C05049FCC}.Debug|Any CPU.Build.0 = Debug|Any CPU
		{0989C7EA-5E52-4D00-906C-F20C05049FCC}.Release|Any CPU.ActiveCfg = Release|Any CPU
		{0989C7EA-5E52-4D00-906C-F20C05049FCC}.Release|Any CPU.Build.0 = Release|Any CPU
	EndGlobalSection
	GlobalSection(SolutionProperties) = preSolution
		HideSolutionNode = FALSE
	EndGlobalSection
	GlobalSection(ExtensibilityGlobals) = postSolution
		SolutionGuid = {61858E59-C36E-48F7-8484-886ED2365513}
	EndGlobalSection
EndGlobal
